Microsoft Visual Studio Solution File, Format Version 11.00
# Visual Studio 2008

Project("{7E5A3A50-5962-F455-2256-27F9AADE778B}") = "Progetto_occlusioni", "Assembly-CSharp-firstpass-vs.csproj", "{4F7A8291-C3AC-4953-52AE-E5E5563E5EDF}"
EndProject
Project("{7E5A3A50-5962-F455-2256-27F9AADE778B}") = "Progetto_occlusioni", "Assembly-CSharp-vs.csproj", "{C510D082-1857-275D-3BCA-F311F2CCB0A3}"
EndProject
Project("{7E5A3A50-5962-F455-2256-27F9AADE778B}") = "Progetto_occlusioni", "Assembly-CSharp-Editor-vs.csproj", "{DE805E6C-D498-4A45-7CE3-5FC1F399F8F7}"
EndProject
Global
	GlobalSection(SolutionConfigurationPlatforms) = preSolution
		Debug|Any CPU = Debug|Any CPU
		Release|Any CPU = Release|Any CPU
	EndGlobalSection
	GlobalSection(ProjectConfigurationPlatforms) = postSolution
		{4F7A8291-C3AC-4953-52AE-E5E5563E5EDF}.Debug|Any CPU.ActiveCfg = Debug|Any CPU
		{4F7A8291-C3AC-4953-52AE-E5E5563E5EDF}.Debug|Any CPU.Build.0 = Debug|Any CPU
		{4F7A8291-C3AC-4953-52AE-E5E5563E5EDF}.Release|Any CPU.ActiveCfg = Release|Any CPU
		{4F7A8291-C3AC-4953-52AE-E5E5563E5EDF}.Release|Any CPU.Build.0 = Release|Any CPU
		{C510D082-1857-275D-3BCA-F311F2CCB0A3}.Debug|Any CPU.ActiveCfg = Debug|Any CPU
		{C510D082-1857-275D-3BCA-F311F2CCB0A3}.Debug|Any CPU.Build.0 = Debug|Any CPU
		{C510D082-1857-275D-3BCA-F311F2CCB0A3}.Release|Any CPU.ActiveCfg = Release|Any CPU
		{C510D082-1857-275D-3BCA-F311F2CCB0A3}.Release|Any CPU.Build.0 = Release|Any CPU
		{DE805E6C-D498-4A45-7CE3-5FC1F399F8F7}.Debug|Any CPU.ActiveCfg = Debug|Any CPU
		{DE805E6C-D498-4A45-7CE3-5FC1F399F8F7}.Debug|Any CPU.Build.0 = Debug|Any CPU
		{DE805E6C-D498-4A45-7CE3-5FC1F399F8F7}.Release|Any CPU.ActiveCfg = Release|Any CPU
		{DE805E6C-D498-4A45-7CE3-5FC1F399F8F7}.Release|Any CPU.Build.0 = Release|Any CPU
	EndGlobalSection
	GlobalSection(SolutionProperties) = preSolution
		HideSolutionNode = FALSE
	EndGlobalSection
																																													GlobalSection(MonoDevelopProperties) = preSolution
		StartupItem = Assembly-CSharp.csproj
		Policies = $0
		$0.TextStylePolicy = $1
		$1.inheritsSet = null
		$1.scope = text/x-csharp
		$0.CSharpFormattingPolicy = $2
		$2.inheritsSet = Mono
		$2.inheritsScope = text/x-csharp
		$2.scope = text/x-csharp
		$0.TextStylePolicy = $3
		$3.FileWidth = 120
		$3.TabWidth = 4
		$3.EolMarker = Unix
		$3.inheritsSet = Mono
		$3.inheritsScope = text/plain
		$3.scope = text/plain
	EndGlobalSection

EndGlobal
